
Microsoft Visual Studio Solution File, Format Version 12.00
# Visual Studio Version 17
VisualStudioVersion = 17.13.35806.99
MinimumVisualStudioVersion = 10.0.40219.1
Project("{FAE04EC0-301F-11D3-BF4B-00C04F79EFBC}") = "FNFToOsuManiaConverter", "FNFToOsuManiaConverter\FNFToOsuManiaConverter.csproj", "{00C55B2B-6DB1-43DA-8070-1BFAE24E24DB}"
EndProject
Project("{FAE04EC0-301F-11D3-BF4B-00C04F79EFBC}") = "ConverterTest", "ConverterTest\ConverterTest.csproj", "{165946BD-22CF-4F87-8C18-CDD4C38C9D9F}"
EndProject
Global
	GlobalSection(SolutionConfigurationPlatforms) = preSolution
		Debug|Any CPU = Debug|Any CPU
		Release|Any CPU = Release|Any CPU
	EndGlobalSection
	GlobalSection(ProjectConfigurationPlatforms) = postSolution
		{00C55B2B-6DB1-43DA-8070-1BFAE24E24DB}.Debug|Any CPU.ActiveCfg = Debug|Any CPU
		{00C55B2B-6DB1-43DA-8070-1BFAE24E24DB}.Debug|Any CPU.Build.0 = Debug|Any CPU
		{00C55B2B-6DB1-43DA-8070-1BFAE24E24DB}.Release|Any CPU.ActiveCfg = Release|Any CPU
		{00C55B2B-6DB1-43DA-8070-1BFAE24E24DB}.Release|Any CPU.Build.0 = Release|Any CPU
		{165946BD-22CF-4F87-8C18-CDD4C38C9D9F}.Debug|Any CPU.ActiveCfg = Debug|Any CPU
		{165946BD-22CF-4F87-8C18-CDD4C38C9D9F}.Debug|Any CPU.Build.0 = Debug|Any CPU
		{165946BD-22CF-4F87-8C18-CDD4C38C9D9F}.Release|Any CPU.ActiveCfg = Release|Any CPU
		{165946BD-22CF-4F87-8C18-CDD4C38C9D9F}.Release|Any CPU.Build.0 = Release|Any CPU
	EndGlobalSection
	GlobalSection(SolutionProperties) = preSolution
		HideSolutionNode = FALSE
	EndGlobalSection
	GlobalSection(ExtensibilityGlobals) = postSolution
		SolutionGuid = {C8F74E07-8044-409D-9D14-A4F8594609C3}
	EndGlobalSection
EndGlobal
